<Solution>
  <Folder Name="/Solution Items/">
    <File Path=".editorconfig" />
    <File Path="Directory.Build.props" />
    <File Path="global.json" />
    <File Path="LICENSE" />
    <File Path="nuget.config" />
    <File Path="README.md" />
  </Folder>
  <Folder Name="/Solution Items/.claude/">
    <File Path=".claude/CLAUDE.md" />
    <File Path=".claude/launch.json" />
  </Folder>
  <Folder Name="/Solution Items/.github/">
    <File Path=".github/copilot-instructions.md" />
  </Folder>
  <Folder Name="/Solution Items/docs/">
    <File Path="docs/RULES.md" />
    <File Path="docs/STRUCTURE.md" />
  </Folder>
  <Folder Name="/Solution Items/samples/" />
  <Folder Name="/Solution Items/samples/research/">
    <File Path="samples/research/A Memory OS for AI System.pdf" />
  </Folder>
  <Folder Name="/src/" />
  <Folder Name="/src/Aspire/">
    <Project Path="src/Aspire/Aspire.Hosting.Temporal/Aspire.Hosting.Temporal.csproj" />
    <Project Path="src/Aspire/Muthur.AppHost/Muthur.AppHost.csproj" />
  </Folder>
  <Folder Name="/src/Apps/">
    <Project Path="src/Apps/Muthur.Console/Muthur.Console.csproj" />
  </Folder>
  <Folder Name="/src/Core/">
    <Project Path="src/Core/Muthur.Clients/Muthur.Clients.csproj" />
    <Project Path="src/Core/Muthur.Contracts/Muthur.Contracts.csproj" />
    <Project Path="src/Core/Muthur.Data/Muthur.Data.csproj" />
    <Project Path="src/Core/Muthur.Logging/Muthur.Logging.csproj" />
    <Project Path="src/Core/Muthur.ServiceDefaults/Muthur.ServiceDefaults.csproj" />
    <Project Path="src/Core/Muthur.Telemetry/Muthur.Telemetry.csproj" />
    <Project Path="src/Core/Muthur.Tools/Muthur.Tools.csproj" />
    <Project Path="src/Core/Muthur.Utilities/Muthur.Utilities.csproj" />
  </Folder>
  <Folder Name="/src/Hosts/">
    <Project Path="src/Hosts/Muthur.Api/Muthur.Api.csproj" />
    <Project Path="src/Hosts/Muthur.Bishop.Worker/Muthur.Bishop.Worker.csproj" />
  </Folder>
</Solution>
