<Solution>
  <Project Path="src/Aspire.Hosting.Temporal/Aspire.Hosting.Temporal.csproj" />
  <Project Path="src/Muthur.Api/Muthur.Api.csproj" />
  <Project Path="src/Muthur.AppHost/Muthur.AppHost.csproj" />
  <Project Path="src/Muthur.Bishop.Worker/Muthur.Bishop.Worker.csproj" />
  <Project Path="src/Muthur.Contracts/Muthur.Contracts.csproj" />
  <Project Path="src/Muthur.ServiceDefaults/Muthur.ServiceDefaults.csproj" />
</Solution>
